
Microsoft Visual Studio Solution File, Format Version 12.00
# Visual Studio Version 17
VisualStudioVersion = 17.3.32819.101
MinimumVisualStudioVersion = 10.0.40219.1
Project("{FAE04EC0-301F-11D3-BF4B-00C04F79EFBC}") = "Supermarket.API", "Supermarket.API\Supermarket.API.csproj", "{5BE08D50-7EE7-44B1-A232-896F8D45FADF}"
EndProject
Global
	GlobalSection(SolutionConfigurationPlatforms) = preSolution
		Debug|Any CPU = Debug|Any CPU
		Release|Any CPU = Release|Any CPU
	EndGlobalSection
	GlobalSection(ProjectConfigurationPlatforms) = postSolution
		{5BE08D50-7EE7-44B1-A232-896F8D45FADF}.Debug|Any CPU.ActiveCfg = Debug|Any CPU
		{5BE08D50-7EE7-44B1-A232-896F8D45FADF}.Debug|Any CPU.Build.0 = Debug|Any CPU
		{5BE08D50-7EE7-44B1-A232-896F8D45FADF}.Release|Any CPU.ActiveCfg = Release|Any CPU
		{5BE08D50-7EE7-44B1-A232-896F8D45FADF}.Release|Any CPU.Build.0 = Release|Any CPU
	EndGlobalSection
	GlobalSection(SolutionProperties) = preSolution
		HideSolutionNode = FALSE
	EndGlobalSection
	GlobalSection(ExtensibilityGlobals) = postSolution
		SolutionGuid = {D94A9631-664F-40B5-AF95-ABBAF0F1231B}
	EndGlobalSection
EndGlobal
